// !$*UTF8*$!
{
	archiveVersion = 1;
	classes = {
	};
	objectVersion = 46;
	objects = {

/* Begin PBXBuildFile section */
		47F737771EB1A2A9006FFAC6 /* main.m in Sources */ = {isa = PBXBuildFile; fileRef = 47F737761EB1A2A9006FFAC6 /* main.m */; };
		47F737801EB1A2A9006FFAC6 /* Main.storyboard in Resources */ = {isa = PBXBuildFile; fileRef = 47F7377E1EB1A2A9006FFAC6 /* Main.storyboard */; };
		47F737821EB1A2A9006FFAC6 /* Assets.xcassets in Resources */ = {isa = PBXBuildFile; fileRef = 47F737811EB1A2A9006FFAC6 /* Assets.xcassets */; };
		47F737851EB1A2A9006FFAC6 /* LaunchScreen.storyboard in Resources */ = {isa = PBXBuildFile; fileRef = 47F737831EB1A2A9006FFAC6 /* LaunchScreen.storyboard */; };
		47F737901EB1A2A9006FFAC6 /* AnimationTestTests.m in Sources */ = {isa = PBXBuildFile; fileRef = 47F7378F1EB1A2A9006FFAC6 /* AnimationTestTests.m */; };
		47F7379B1EB1A2A9006FFAC6 /* AnimationTestUITests.m in Sources */ = {isa = PBXBuildFile; fileRef = 47F7379A1EB1A2A9006FFAC6 /* AnimationTestUITests.m */; };
		47F737B21EB1C1AE006FFAC6 /* BaseViewController.m in Sources */ = {isa = PBXBuildFile; fileRef = 47F737B11EB1C1AE006FFAC6 /* BaseViewController.m */; };
		47F737B51EB1C1C8006FFAC6 /* BaseNavigationController.m in Sources */ = {isa = PBXBuildFile; fileRef = 47F737B41EB1C1C8006FFAC6 /* BaseNavigationController.m */; };
		47F737B81EB1C1E1006FFAC6 /* BaseTabbarController.m in Sources */ = {isa = PBXBuildFile; fileRef = 47F737B71EB1C1E1006FFAC6 /* BaseTabbarController.m */; };
		47F737BB1EB1C1FD006FFAC6 /* AppDelegate.m in Sources */ = {isa = PBXBuildFile; fileRef = 47F737BA1EB1C1FD006FFAC6 /* AppDelegate.m */; };
		47F737C41EB1CA28006FFAC6 /* FirstViewController.m in Sources */ = {isa = PBXBuildFile; fileRef = 47F737C31EB1CA28006FFAC6 /* FirstViewController.m */; };
		47F737C71EB1CA32006FFAC6 /* SecondViewController.m in Sources */ = {isa = PBXBuildFile; fileRef = 47F737C61EB1CA32006FFAC6 /* SecondViewController.m */; };
		47F737CA1EB1CA3C006FFAC6 /* ThirdViewController.m in Sources */ = {isa = PBXBuildFile; fileRef = 47F737C91EB1CA3C006FFAC6 /* ThirdViewController.m */; };
		47F737CD1EB1CA48006FFAC6 /* FourthViewController.m in Sources */ = {isa = PBXBuildFile; fileRef = 47F737CC1EB1CA48006FFAC6 /* FourthViewController.m */; };
		47F737D01EB1CA52006FFAC6 /* FifthViewController.m in Sources */ = {isa = PBXBuildFile; fileRef = 47F737CF1EB1CA52006FFAC6 /* FifthViewController.m */; };
		47F737D31EB1D659006FFAC6 /* AnimationViewController.m in Sources */ = {isa = PBXBuildFile; fileRef = 47F737D21EB1D659006FFAC6 /* AnimationViewController.m */; };
		8ADC31967013271CAF94AA98 /* libPods-AnimationTest.a in Frameworks */ = {isa = PBXBuildFile; fileRef = 075D74651D5813353A8524D6 /* libPods-AnimationTest.a */; };
/* End PBXBuildFile section */

/* Begin PBXContainerItemProxy section */
		47F7378C1EB1A2A9006FFAC6 /* PBXContainerItemProxy */ = {
			isa = PBXContainerItemProxy;
			containerPortal = 47F7376A1EB1A2A9006FFAC6 /* Project object */;
			proxyType = 1;
			remoteGlobalIDString = 47F737711EB1A2A9006FFAC6;
			remoteInfo = AnimationTest;
		};
		47F737971EB1A2A9006FFAC6 /* PBXContainerItemProxy */ = {
			isa = PBXContainerItemProxy;
			containerPortal = 47F7376A1EB1A2A9006FFAC6 /* Project object */;
			proxyType = 1;
			remoteGlobalIDString = 47F737711EB1A2A9006FFAC6;
			remoteInfo = AnimationTest;
		};
/* End PBXContainerItemProxy section */

/* Begin PBXFileReference section */
		075D74651D5813353A8524D6 /* libPods-AnimationTest.a */ = {isa = PBXFileReference; explicitFileType = archive.ar; includeInIndex = 0; path = "libPods-AnimationTest.a"; sourceTree = BUILT_PRODUCTS_DIR; };
		47F737721EB1A2A9006FFAC6 /* AnimationTest.app */ = {isa = PBXFileReference; explicitFileType = wrapper.application; includeInIndex = 0; path = AnimationTest.app; sourceTree = BUILT_PRODUCTS_DIR; };
		47F737761EB1A2A9006FFAC6 /* main.m */ = {isa = PBXFileReference; lastKnownFileType = sourcecode.c.objc; path = main.m; sourceTree = "<group>"; };
		47F7377F1EB1A2A9006FFAC6 /* Base */ = {isa = PBXFileReference; lastKnownFileType = file.storyboard; name = Base; path = Base.lproj/Main.storyboard; sourceTree = "<group>"; };
		47F737811EB1A2A9006FFAC6 /* Assets.xcassets */ = {isa = PBXFileReference; lastKnownFileType = folder.assetcatalog; path = Assets.xcassets; sourceTree = "<group>"; };
		47F737841EB1A2A9006FFAC6 /* Base */ = {isa = PBXFileReference; lastKnownFileType = file.storyboard; name = Base; path = Base.lproj/LaunchScreen.storyboard; sourceTree = "<group>"; };
		47F737861EB1A2A9006FFAC6 /* Info.plist */ = {isa = PBXFileReference; lastKnownFileType = text.plist.xml; path = Info.plist; sourceTree = "<group>"; };
		47F7378B1EB1A2A9006FFAC6 /* AnimationTestTests.xctest */ = {isa = PBXFileReference; explicitFileType = wrapper.cfbundle; includeInIndex = 0; path = AnimationTestTests.xctest; sourceTree = BUILT_PRODUCTS_DIR; };
		47F7378F1EB1A2A9006FFAC6 /* AnimationTestTests.m */ = {isa = PBXFileReference; lastKnownFileType = sourcecode.c.objc; path = AnimationTestTests.m; sourceTree = "<group>"; };
		47F737911EB1A2A9006FFAC6 /* Info.plist */ = {isa = PBXFileReference; lastKnownFileType = text.plist.xml; path = Info.plist; sourceTree = "<group>"; };
		47F737961EB1A2A9006FFAC6 /* AnimationTestUITests.xctest */ = {isa = PBXFileReference; explicitFileType = wrapper.cfbundle; includeInIndex = 0; path = AnimationTestUITests.xctest; sourceTree = BUILT_PRODUCTS_DIR; };
		47F7379A1EB1A2A9006FFAC6 /* AnimationTestUITests.m */ = {isa = PBXFileReference; lastKnownFileType = sourcecode.c.objc; path = AnimationTestUITests.m; sourceTree = "<group>"; };
		47F7379C1EB1A2A9006FFAC6 /* Info.plist */ = {isa = PBXFileReference; lastKnownFileType = text.plist.xml; path = Info.plist; sourceTree = "<group>"; };
		47F737B01EB1C1AE006FFAC6 /* BaseViewController.h */ = {isa = PBXFileReference; fileEncoding = 4; lastKnownFileType = sourcecode.c.h; path = BaseViewController.h; sourceTree = "<group>"; };
		47F737B11EB1C1AE006FFAC6 /* BaseViewController.m */ = {isa = PBXFileReference; fileEncoding = 4; lastKnownFileType = sourcecode.c.objc; path = BaseViewController.m; sourceTree = "<group>"; };
		47F737B31EB1C1C8006FFAC6 /* BaseNavigationController.h */ = {isa = PBXFileReference; fileEncoding = 4; lastKnownFileType = sourcecode.c.h; path = BaseNavigationController.h; sourceTree = "<group>"; };
		47F737B41EB1C1C8006FFAC6 /* BaseNavigationController.m */ = {isa = PBXFileReference; fileEncoding = 4; lastKnownFileType = sourcecode.c.objc; path = BaseNavigationController.m; sourceTree = "<group>"; };
		47F737B61EB1C1E1006FFAC6 /* BaseTabbarController.h */ = {isa = PBXFileReference; fileEncoding = 4; lastKnownFileType = sourcecode.c.h; path = BaseTabbarController.h; sourceTree = "<group>"; };
		47F737B71EB1C1E1006FFAC6 /* BaseTabbarController.m */ = {isa = PBXFileReference; fileEncoding = 4; lastKnownFileType = sourcecode.c.objc; path = BaseTabbarController.m; sourceTree = "<group>"; };
		47F737B91EB1C1FD006FFAC6 /* AppDelegate.h */ = {isa = PBXFileReference; fileEncoding = 4; lastKnownFileType = sourcecode.c.h; path = AppDelegate.h; sourceTree = "<group>"; };
		47F737BA1EB1C1FD006FFAC6 /* AppDelegate.m */ = {isa = PBXFileReference; fileEncoding = 4; lastKnownFileType = sourcecode.c.objc; path = AppDelegate.m; sourceTree = "<group>"; };
		47F737C11EB1C7DB006FFAC6 /* PrefixHeader.pch */ = {isa = PBXFileReference; lastKnownFileType = sourcecode.c.h; path = PrefixHeader.pch; sourceTree = "<group>"; };
		47F737C21EB1CA28006FFAC6 /* FirstViewController.h */ = {isa = PBXFileReference; fileEncoding = 4; lastKnownFileType = sourcecode.c.h; path = FirstViewController.h; sourceTree = "<group>"; };
		47F737C31EB1CA28006FFAC6 /* FirstViewController.m */ = {isa = PBXFileReference; fileEncoding = 4; lastKnownFileType = sourcecode.c.objc; path = FirstViewController.m; sourceTree = "<group>"; };
		47F737C51EB1CA32006FFAC6 /* SecondViewController.h */ = {isa = PBXFileReference; fileEncoding = 4; lastKnownFileType = sourcecode.c.h; path = SecondViewController.h; sourceTree = "<group>"; };
		47F737C61EB1CA32006FFAC6 /* SecondViewController.m */ = {isa = PBXFileReference; fileEncoding = 4; lastKnownFileType = sourcecode.c.objc; path = SecondViewController.m; sourceTree = "<group>"; };
		47F737C81EB1CA3C006FFAC6 /* ThirdViewController.h */ = {isa = PBXFileReference; fileEncoding = 4; lastKnownFileType = sourcecode.c.h; path = ThirdViewController.h; sourceTree = "<group>"; };
		47F737C91EB1CA3C006FFAC6 /* ThirdViewController.m */ = {isa = PBXFileReference; fileEncoding = 4; lastKnownFileType = sourcecode.c.objc; path = ThirdViewController.m; sourceTree = "<group>"; };
		47F737CB1EB1CA48006FFAC6 /* FourthViewController.h */ = {isa = PBXFileReference; fileEncoding = 4; lastKnownFileType = sourcecode.c.h; path = FourthViewController.h; sourceTree = "<group>"; };
		47F737CC1EB1CA48006FFAC6 /* FourthViewController.m */ = {isa = PBXFileReference; fileEncoding = 4; lastKnownFileType = sourcecode.c.objc; path = FourthViewController.m; sourceTree = "<group>"; };
		47F737CE1EB1CA52006FFAC6 /* FifthViewController.h */ = {isa = PBXFileReference; fileEncoding = 4; lastKnownFileType = sourcecode.c.h; path = FifthViewController.h; sourceTree = "<group>"; };
		47F737CF1EB1CA52006FFAC6 /* FifthViewController.m */ = {isa = PBXFileReference; fileEncoding = 4; lastKnownFileType = sourcecode.c.objc; path = FifthViewController.m; sourceTree = "<group>"; };
		47F737D11EB1D659006FFAC6 /* AnimationViewController.h */ = {isa = PBXFileReference; fileEncoding = 4; lastKnownFileType = sourcecode.c.h; path = AnimationViewController.h; sourceTree = "<group>"; };
		47F737D21EB1D659006FFAC6 /* AnimationViewController.m */ = {isa = PBXFileReference; fileEncoding = 4; lastKnownFileType = sourcecode.c.objc; path = AnimationViewController.m; sourceTree = "<group>"; };
		7F2E8E5077230C85AF17BF2D /* Pods-AnimationTest.debug.xcconfig */ = {isa = PBXFileReference; includeInIndex = 1; lastKnownFileType = text.xcconfig; name = "Pods-AnimationTest.debug.xcconfig"; path = "Pods/Target Support Files/Pods-AnimationTest/Pods-AnimationTest.debug.xcconfig"; sourceTree = "<group>"; };
		C4261A48855D1BFC66D4B38B /* Pods-AnimationTest.release.xcconfig */ = {isa = PBXFileReference; includeInIndex = 1; lastKnownFileType = text.xcconfig; name = "Pods-AnimationTest.release.xcconfig"; path = "Pods/Target Support Files/Pods-AnimationTest/Pods-AnimationTest.release.xcconfig"; sourceTree = "<group>"; };
/* End PBXFileReference section */

/* Begin PBXFrameworksBuildPhase section */
		47F7376F1EB1A2A9006FFAC6 /* Frameworks */ = {
			isa = PBXFrameworksBuildPhase;
			buildActionMask = 2147483647;
			files = (
				8ADC31967013271CAF94AA98 /* libPods-AnimationTest.a in Frameworks */,
			);
			runOnlyForDeploymentPostprocessing = 0;
		};
		47F737881EB1A2A9006FFAC6 /* Frameworks */ = {
			isa = PBXFrameworksBuildPhase;
			buildActionMask = 2147483647;
			files = (
			);
			runOnlyForDeploymentPostprocessing = 0;
		};
		47F737931EB1A2A9006FFAC6 /* Frameworks */ = {
			isa = PBXFrameworksBuildPhase;
			buildActionMask = 2147483647;
			files = (
			);
			runOnlyForDeploymentPostprocessing = 0;
		};
/* End PBXFrameworksBuildPhase section */

/* Begin PBXGroup section */
		47F737691EB1A2A9006FFAC6 = {
			isa = PBXGroup;
			children = (
				47F737741EB1A2A9006FFAC6 /* AnimationTest */,
				47F7378E1EB1A2A9006FFAC6 /* AnimationTestTests */,
				47F737991EB1A2A9006FFAC6 /* AnimationTestUITests */,
				47F737731EB1A2A9006FFAC6 /* Products */,
				7DBA8381E661513C34C46857 /* Pods */,
				F61F29F311AFE65E7FB61DFE /* Frameworks */,
			);
			sourceTree = "<group>";
		};
		47F737731EB1A2A9006FFAC6 /* Products */ = {
			isa = PBXGroup;
			children = (
				47F737721EB1A2A9006FFAC6 /* AnimationTest.app */,
				47F7378B1EB1A2A9006FFAC6 /* AnimationTestTests.xctest */,
				47F737961EB1A2A9006FFAC6 /* AnimationTestUITests.xctest */,
			);
			name = Products;
			sourceTree = "<group>";
		};
		47F737741EB1A2A9006FFAC6 /* AnimationTest */ = {
			isa = PBXGroup;
			children = (
				47F737AF1EB1C15C006FFAC6 /* Base */,
				47F737BD1EB1C638006FFAC6 /* First */,
				47F737BF1EB1C638006FFAC6 /* Second */,
				47F737C01EB1C638006FFAC6 /* Third */,
				47F737BE1EB1C638006FFAC6 /* Fourth */,
				47F737BC1EB1C638006FFAC6 /* Fifth */,
				47F7377E1EB1A2A9006FFAC6 /* Main.storyboard */,
				47F737811EB1A2A9006FFAC6 /* Assets.xcassets */,
				47F737831EB1A2A9006FFAC6 /* LaunchScreen.storyboard */,
				47F737861EB1A2A9006FFAC6 /* Info.plist */,
				47F737751EB1A2A9006FFAC6 /* Supporting Files */,
			);
			path = AnimationTest;
			sourceTree = "<group>";
		};
		47F737751EB1A2A9006FFAC6 /* Supporting Files */ = {
			isa = PBXGroup;
			children = (
				47F737761EB1A2A9006FFAC6 /* main.m */,
			);
			name = "Supporting Files";
			sourceTree = "<group>";
		};
		47F7378E1EB1A2A9006FFAC6 /* AnimationTestTests */ = {
			isa = PBXGroup;
			children = (
				47F7378F1EB1A2A9006FFAC6 /* AnimationTestTests.m */,
				47F737911EB1A2A9006FFAC6 /* Info.plist */,
			);
			path = AnimationTestTests;
			sourceTree = "<group>";
		};
		47F737991EB1A2A9006FFAC6 /* AnimationTestUITests */ = {
			isa = PBXGroup;
			children = (
				47F7379A1EB1A2A9006FFAC6 /* AnimationTestUITests.m */,
				47F7379C1EB1A2A9006FFAC6 /* Info.plist */,
			);
			path = AnimationTestUITests;
			sourceTree = "<group>";
		};
		47F737AF1EB1C15C006FFAC6 /* Base */ = {
			isa = PBXGroup;
			children = (
				47F737B91EB1C1FD006FFAC6 /* AppDelegate.h */,
				47F737BA1EB1C1FD006FFAC6 /* AppDelegate.m */,
				47F737B01EB1C1AE006FFAC6 /* BaseViewController.h */,
				47F737B11EB1C1AE006FFAC6 /* BaseViewController.m */,
				47F737B31EB1C1C8006FFAC6 /* BaseNavigationController.h */,
				47F737B41EB1C1C8006FFAC6 /* BaseNavigationController.m */,
				47F737B61EB1C1E1006FFAC6 /* BaseTabbarController.h */,
				47F737B71EB1C1E1006FFAC6 /* BaseTabbarController.m */,
				47F737C11EB1C7DB006FFAC6 /* PrefixHeader.pch */,
			);
			path = Base;
			sourceTree = "<group>";
		};
		47F737BC1EB1C638006FFAC6 /* Fifth */ = {
			isa = PBXGroup;
			children = (
				47F737CE1EB1CA52006FFAC6 /* FifthViewController.h */,
				47F737CF1EB1CA52006FFAC6 /* FifthViewController.m */,
			);
			path = Fifth;
			sourceTree = "<group>";
		};
		47F737BD1EB1C638006FFAC6 /* First */ = {
			isa = PBXGroup;
			children = (
				47F737C21EB1CA28006FFAC6 /* FirstViewController.h */,
				47F737C31EB1CA28006FFAC6 /* FirstViewController.m */,
				47F737D11EB1D659006FFAC6 /* AnimationViewController.h */,
				47F737D21EB1D659006FFAC6 /* AnimationViewController.m */,
			);
			path = First;
			sourceTree = "<group>";
		};
		47F737BE1EB1C638006FFAC6 /* Fourth */ = {
			isa = PBXGroup;
			children = (
				47F737CB1EB1CA48006FFAC6 /* FourthViewController.h */,
				47F737CC1EB1CA48006FFAC6 /* FourthViewController.m */,
			);
			path = Fourth;
			sourceTree = "<group>";
		};
		47F737BF1EB1C638006FFAC6 /* Second */ = {
			isa = PBXGroup;
			children = (
				47F737C51EB1CA32006FFAC6 /* SecondViewController.h */,
				47F737C61EB1CA32006FFAC6 /* SecondViewController.m */,
			);
			path = Second;
			sourceTree = "<group>";
		};
		47F737C01EB1C638006FFAC6 /* Third */ = {
			isa = PBXGroup;
			children = (
				47F737C81EB1CA3C006FFAC6 /* ThirdViewController.h */,
				47F737C91EB1CA3C006FFAC6 /* ThirdViewController.m */,
			);
			path = Third;
			sourceTree = "<group>";
		};
		7DBA8381E661513C34C46857 /* Pods */ = {
			isa = PBXGroup;
			children = (
				7F2E8E5077230C85AF17BF2D /* Pods-AnimationTest.debug.xcconfig */,
				C4261A48855D1BFC66D4B38B /* Pods-AnimationTest.release.xcconfig */,
			);
			name = Pods;
			sourceTree = "<group>";
		};
		F61F29F311AFE65E7FB61DFE /* Frameworks */ = {
			isa = PBXGroup;
			children = (
				075D74651D5813353A8524D6 /* libPods-AnimationTest.a */,
			);
			name = Frameworks;
			sourceTree = "<group>";
		};
/* End PBXGroup section */

/* Begin PBXNativeTarget section */
		47F737711EB1A2A9006FFAC6 /* AnimationTest */ = {
			isa = PBXNativeTarget;
			buildConfigurationList = 47F7379F1EB1A2A9006FFAC6 /* Build configuration list for PBXNativeTarget "AnimationTest" */;
			buildPhases = (
				CD4B3EB383E8EC530526BA24 /* [CP] Check Pods Manifest.lock */,
				47F7376E1EB1A2A9006FFAC6 /* Sources */,
				47F7376F1EB1A2A9006FFAC6 /* Frameworks */,
				47F737701EB1A2A9006FFAC6 /* Resources */,
				B2A607D0C658BF588AECBF7F /* [CP] Embed Pods Frameworks */,
				2615C788532D0179600154C2 /* [CP] Copy Pods Resources */,
			);
			buildRules = (
			);
			dependencies = (
			);
			name = AnimationTest;
			productName = AnimationTest;
			productReference = 47F737721EB1A2A9006FFAC6 /* AnimationTest.app */;
			productType = "com.apple.product-type.application";
		};
		47F7378A1EB1A2A9006FFAC6 /* AnimationTestTests */ = {
			isa = PBXNativeTarget;
			buildConfigurationList = 47F737A21EB1A2A9006FFAC6 /* Build configuration list for PBXNativeTarget "AnimationTestTests" */;
			buildPhases = (
				47F737871EB1A2A9006FFAC6 /* Sources */,
				47F737881EB1A2A9006FFAC6 /* Frameworks */,
				47F737891EB1A2A9006FFAC6 /* Resources */,
			);
			buildRules = (
			);
			dependencies = (
				47F7378D1EB1A2A9006FFAC6 /* PBXTargetDependency */,
			);
			name = AnimationTestTests;
			productName = AnimationTestTests;
			productReference = 47F7378B1EB1A2A9006FFAC6 /* AnimationTestTests.xctest */;
			productType = "com.apple.product-type.bundle.unit-test";
		};
		47F737951EB1A2A9006FFAC6 /* AnimationTestUITests */ = {
			isa = PBXNativeTarget;
			buildConfigurationList = 47F737A51EB1A2A9006FFAC6 /* Build configuration list for PBXNativeTarget "AnimationTestUITests" */;
			buildPhases = (
				47F737921EB1A2A9006FFAC6 /* Sources */,
				47F737931EB1A2A9006FFAC6 /* Frameworks */,
				47F737941EB1A2A9006FFAC6 /* Resources */,
			);
			buildRules = (
			);
			dependencies = (
				47F737981EB1A2A9006FFAC6 /* PBXTargetDependency */,
			);
			name = AnimationTestUITests;
			productName = AnimationTestUITests;
			productReference = 47F737961EB1A2A9006FFAC6 /* AnimationTestUITests.xctest */;
			productType = "com.apple.product-type.bundle.ui-testing";
		};
/* End PBXNativeTarget section */

/* Begin PBXProject section */
		47F7376A1EB1A2A9006FFAC6 /* Project object */ = {
			isa = PBXProject;
			attributes = {
				LastUpgradeCheck = 0820;
				ORGANIZATIONNAME = yeqiang;
				TargetAttributes = {
					47F737711EB1A2A9006FFAC6 = {
						CreatedOnToolsVersion = 8.2.1;
						DevelopmentTeam = 3WYE463P9W;
						ProvisioningStyle = Automatic;
					};
					47F7378A1EB1A2A9006FFAC6 = {
						CreatedOnToolsVersion = 8.2.1;
						DevelopmentTeam = 3WYE463P9W;
						ProvisioningStyle = Automatic;
						TestTargetID = 47F737711EB1A2A9006FFAC6;
					};
					47F737951EB1A2A9006FFAC6 = {
						CreatedOnToolsVersion = 8.2.1;
						DevelopmentTeam = 3WYE463P9W;
						ProvisioningStyle = Automatic;
						TestTargetID = 47F737711EB1A2A9006FFAC6;
					};
				};
			};
			buildConfigurationList = 47F7376D1EB1A2A9006FFAC6 /* Build configuration list for PBXProject "AnimationTest" */;
			compatibilityVersion = "Xcode 3.2";
			developmentRegion = English;
			hasScannedForEncodings = 0;
			knownRegions = (
				en,
				Base,
			);
			mainGroup = 47F737691EB1A2A9006FFAC6;
			productRefGroup = 47F737731EB1A2A9006FFAC6 /* Products */;
			projectDirPath = "";
			projectRoot = "";
			targets = (
				47F737711EB1A2A9006FFAC6 /* AnimationTest */,
				47F7378A1EB1A2A9006FFAC6 /* AnimationTestTests */,
				47F737951EB1A2A9006FFAC6 /* AnimationTestUITests */,
			);
		};
/* End PBXProject section */

/* Begin PBXResourcesBuildPhase section */
		47F737701EB1A2A9006FFAC6 /* Resources */ = {
			isa = PBXResourcesBuildPhase;
			buildActionMask = 2147483647;
			files = (
				47F737851EB1A2A9006FFAC6 /* LaunchScreen.storyboard in Resources */,
				47F737821EB1A2A9006FFAC6 /* Assets.xcassets in Resources */,
				47F737801EB1A2A9006FFAC6 /* Main.storyboard in Resources */,
			);
			runOnlyForDeploymentPostprocessing = 0;
		};
		47F737891EB1A2A9006FFAC6 /* Resources */ = {
			isa = PBXResourcesBuildPhase;
			buildActionMask = 2147483647;
			files = (
			);
			runOnlyForDeploymentPostprocessing = 0;
		};
		47F737941EB1A2A9006FFAC6 /* Resources */ = {
			isa = PBXResourcesBuildPhase;
			buildActionMask = 2147483647;
			files = (
			);
			runOnlyForDeploymentPostprocessing = 0;
		};
/* End PBXResourcesBuildPhase section */

/* Begin PBXShellScriptBuildPhase section */
		2615C788532D0179600154C2 /* [CP] Copy Pods Resources */ = {
			isa = PBXShellScriptBuildPhase;
			buildActionMask = 2147483647;
			files = (
			);
			inputPaths = (
			);
			name = "[CP] Copy Pods Resources";
			outputPaths = (
			);
			runOnlyForDeploymentPostprocessing = 0;
			shellPath = /bin/sh;
			shellScript = "\"${SRCROOT}/Pods/Target Support Files/Pods-AnimationTest/Pods-AnimationTest-resources.sh\"\n";
			showEnvVarsInLog = 0;
		};
		B2A607D0C658BF588AECBF7F /* [CP] Embed Pods Frameworks */ = {
			isa = PBXShellScriptBuildPhase;
			buildActionMask = 2147483647;
			files = (
			);
			inputPaths = (
			);
			name = "[CP] Embed Pods Frameworks";
			outputPaths = (
			);
			runOnlyForDeploymentPostprocessing = 0;
			shellPath = /bin/sh;
			shellScript = "\"${SRCROOT}/Pods/Target Support Files/Pods-AnimationTest/Pods-AnimationTest-frameworks.sh\"\n";
			showEnvVarsInLog = 0;
		};
		CD4B3EB383E8EC530526BA24 /* [CP] Check Pods Manifest.lock */ = {
			isa = PBXShellScriptBuildPhase;
			buildActionMask = 2147483647;
			files = (
			);
			inputPaths = (
			);
			name = "[CP] Check Pods Manifest.lock";
			outputPaths = (
			);
			runOnlyForDeploymentPostprocessing = 0;
			shellPath = /bin/sh;
			shellScript = "diff \"${PODS_ROOT}/../Podfile.lock\" \"${PODS_ROOT}/Manifest.lock\" > /dev/null\nif [ $? != 0 ] ; then\n    # print error to STDERR\n    echo \"error: The sandbox is not in sync with the Podfile.lock. Run 'pod install' or update your CocoaPods installation.\" >&2\n    exit 1\nfi\n";
			showEnvVarsInLog = 0;
		};
/* End PBXShellScriptBuildPhase section */

/* Begin PBXSourcesBuildPhase section */
		47F7376E1EB1A2A9006FFAC6 /* Sources */ = {
			isa = PBXSourcesBuildPhase;
			buildActionMask = 2147483647;
			files = (
				47F737B21EB1C1AE006FFAC6 /* BaseViewController.m in Sources */,
				47F737C41EB1CA28006FFAC6 /* FirstViewController.m in Sources */,
				47F737CA1EB1CA3C006FFAC6 /* ThirdViewController.m in Sources */,
				47F737771EB1A2A9006FFAC6 /* main.m in Sources */,
				47F737C71EB1CA32006FFAC6 /* SecondViewController.m in Sources */,
				47F737B81EB1C1E1006FFAC6 /* BaseTabbarController.m in Sources */,
				47F737CD1EB1CA48006FFAC6 /* FourthViewController.m in Sources */,
				47F737B51EB1C1C8006FFAC6 /* BaseNavigationController.m in Sources */,
				47F737D01EB1CA52006FFAC6 /* FifthViewController.m in Sources */,
				47F737BB1EB1C1FD006FFAC6 /* AppDelegate.m in Sources */,
				47F737D31EB1D659006FFAC6 /* AnimationViewController.m in Sources */,
			);
			runOnlyForDeploymentPostprocessing = 0;
		};
		47F737871EB1A2A9006FFAC6 /* Sources */ = {
			isa = PBXSourcesBuildPhase;
			buildActionMask = 2147483647;
			files = (
				47F737901EB1A2A9006FFAC6 /* AnimationTestTests.m in Sources */,
			);
			runOnlyForDeploymentPostprocessing = 0;
		};
		47F737921EB1A2A9006FFAC6 /* Sources */ = {
			isa = PBXSourcesBuildPhase;
			buildActionMask = 2147483647;
			files = (
				47F7379B1EB1A2A9006FFAC6 /* AnimationTestUITests.m in Sources */,
			);
			runOnlyForDeploymentPostprocessing = 0;
		};
/* End PBXSourcesBuildPhase section */

/* Begin PBXTargetDependency section */
		47F7378D1EB1A2A9006FFAC6 /* PBXTargetDependency */ = {
			isa = PBXTargetDependency;
			target = 47F737711EB1A2A9006FFAC6 /* AnimationTest */;
			targetProxy = 47F7378C1EB1A2A9006FFAC6 /* PBXContainerItemProxy */;
		};
		47F737981EB1A2A9006FFAC6 /* PBXTargetDependency */ = {
			isa = PBXTargetDependency;
			target = 47F737711EB1A2A9006FFAC6 /* AnimationTest */;
			targetProxy = 47F737971EB1A2A9006FFAC6 /* PBXContainerItemProxy */;
		};
/* End PBXTargetDependency section */

/* Begin PBXVariantGroup section */
		47F7377E1EB1A2A9006FFAC6 /* Main.storyboard */ = {
			isa = PBXVariantGroup;
			children = (
				47F7377F1EB1A2A9006FFAC6 /* Base */,
			);
			name = Main.storyboard;
			sourceTree = "<group>";
		};
		47F737831EB1A2A9006FFAC6 /* LaunchScreen.storyboard */ = {
			isa = PBXVariantGroup;
			children = (
				47F737841EB1A2A9006FFAC6 /* Base */,
			);
			name = LaunchScreen.storyboard;
			sourceTree = "<group>";
		};
/* End PBXVariantGroup section */

/* Begin XCBuildConfiguration section */
		47F7379D1EB1A2A9006FFAC6 /* Debug */ = {
			isa = XCBuildConfiguration;
			buildSettings = {
				ALWAYS_SEARCH_USER_PATHS = NO;
				CLANG_ANALYZER_NONNULL = YES;
				CLANG_CXX_LANGUAGE_STANDARD = "gnu++0x";
				CLANG_CXX_LIBRARY = "libc++";
				CLANG_ENABLE_MODULES = YES;
				CLANG_ENABLE_OBJC_ARC = YES;
				CLANG_WARN_BOOL_CONVERSION = YES;
				CLANG_WARN_CONSTANT_CONVERSION = YES;
				CLANG_WARN_DIRECT_OBJC_ISA_USAGE = YES_ERROR;
				CLANG_WARN_DOCUMENTATION_COMMENTS = YES;
				CLANG_WARN_EMPTY_BODY = YES;
				CLANG_WARN_ENUM_CONVERSION = YES;
				CLANG_WARN_INFINITE_RECURSION = YES;
				CLANG_WARN_INT_CONVERSION = YES;
				CLANG_WARN_OBJC_ROOT_CLASS = YES_ERROR;
				CLANG_WARN_SUSPICIOUS_MOVE = YES;
				CLANG_WARN_UNREACHABLE_CODE = YES;
				CLANG_WARN__DUPLICATE_METHOD_MATCH = YES;
				"CODE_SIGN_IDENTITY[sdk=iphoneos*]" = "iPhone Developer";
				COPY_PHASE_STRIP = NO;
				DEBUG_INFORMATION_FORMAT = dwarf;
				ENABLE_STRICT_OBJC_MSGSEND = YES;
				ENABLE_TESTABILITY = YES;
				GCC_C_LANGUAGE_STANDARD = gnu99;
				GCC_DYNAMIC_NO_PIC = NO;
				GCC_NO_COMMON_BLOCKS = YES;
				GCC_OPTIMIZATION_LEVEL = 0;
				GCC_PREPROCESSOR_DEFINITIONS = (
					"DEBUG=1",
					"$(inherited)",
				);
				GCC_WARN_64_TO_32_BIT_CONVERSION = YES;
				GCC_WARN_ABOUT_RETURN_TYPE = YES_ERROR;
				GCC_WARN_UNDECLARED_SELECTOR = YES;
				GCC_WARN_UNINITIALIZED_AUTOS = YES_AGGRESSIVE;
				GCC_WARN_UNUSED_FUNCTION = YES;
				GCC_WARN_UNUSED_VARIABLE = YES;
				IPHONEOS_DEPLOYMENT_TARGET = 10.2;
				MTL_ENABLE_DEBUG_INFO = YES;
				ONLY_ACTIVE_ARCH = YES;
				SDKROOT = iphoneos;
				TARGETED_DEVICE_FAMILY = "1,2";
			};
			name = Debug;
		};
		47F7379E1EB1A2A9006FFAC6 /* Release */ = {
			isa = XCBuildConfiguration;
			buildSettings = {
				ALWAYS_SEARCH_USER_PATHS = NO;
				CLANG_ANALYZER_NONNULL = YES;
				CLANG_CXX_LANGUAGE_STANDARD = "gnu++0x";
				CLANG_CXX_LIBRARY = "libc++";
				CLANG_ENABLE_MODULES = YES;
				CLANG_ENABLE_OBJC_ARC = YES;
				CLANG_WARN_BOOL_CONVERSION = YES;
				CLANG_WARN_CONSTANT_CONVERSION = YES;
				CLANG_WARN_DIRECT_OBJC_ISA_USAGE = YES_ERROR;
				CLANG_WARN_DOCUMENTATION_COMMENTS = YES;
				CLANG_WARN_EMPTY_BODY = YES;
				CLANG_WARN_ENUM_CONVERSION = YES;
				CLANG_WARN_INFINITE_RECURSION = YES;
				CLANG_WARN_INT_CONVERSION = YES;
				CLANG_WARN_OBJC_ROOT_CLASS = YES_ERROR;
				CLANG_WARN_SUSPICIOUS_MOVE = YES;
				CLANG_WARN_UNREACHABLE_CODE = YES;
				CLANG_WARN__DUPLICATE_METHOD_MATCH = YES;
				"CODE_SIGN_IDENTITY[sdk=iphoneos*]" = "iPhone Developer";
				COPY_PHASE_STRIP = NO;
				DEBUG_INFORMATION_FORMAT = "dwarf-with-dsym";
				ENABLE_NS_ASSERTIONS = NO;
				ENABLE_STRICT_OBJC_MSGSEND = YES;
				GCC_C_LANGUAGE_STANDARD = gnu99;
				GCC_NO_COMMON_BLOCKS = YES;
				GCC_WARN_64_TO_32_BIT_CONVERSION = YES;
				GCC_WARN_ABOUT_RETURN_TYPE = YES_ERROR;
				GCC_WARN_UNDECLARED_SELECTOR = YES;
				GCC_WARN_UNINITIALIZED_AUTOS = YES_AGGRESSIVE;
				GCC_WARN_UNUSED_FUNCTION = YES;
				GCC_WARN_UNUSED_VARIABLE = YES;
				IPHONEOS_DEPLOYMENT_TARGET = 10.2;
				MTL_ENABLE_DEBUG_INFO = NO;
				SDKROOT = iphoneos;
				TARGETED_DEVICE_FAMILY = "1,2";
				VALIDATE_PRODUCT = YES;
			};
			name = Release;
		};
		47F737A01EB1A2A9006FFAC6 /* Debug */ = {
			isa = XCBuildConfiguration;
			baseConfigurationReference = 7F2E8E5077230C85AF17BF2D /* Pods-AnimationTest.debug.xcconfig */;
			buildSettings = {
				ASSETCATALOG_COMPILER_APPICON_NAME = AppIcon;
				DEVELOPMENT_TEAM = 3WYE463P9W;
				GCC_PRECOMPILE_PREFIX_HEADER = YES;
				GCC_PREFIX_HEADER = "$(SRCROOT)/AnimationTest/Base/PrefixHeader.pch";
				INFOPLIST_FILE = AnimationTest/Info.plist;
				IPHONEOS_DEPLOYMENT_TARGET = 9.0;
				LD_RUNPATH_SEARCH_PATHS = "$(inherited) @executable_path/Frameworks";
				PRODUCT_BUNDLE_IDENTIFIER = yeqiang.AnimationTest;
				PRODUCT_NAME = "$(TARGET_NAME)";
			};
			name = Debug;
		};
		47F737A11EB1A2A9006FFAC6 /* Release */ = {
			isa = XCBuildConfiguration;
			baseConfigurationReference = C4261A48855D1BFC66D4B38B /* Pods-AnimationTest.release.xcconfig */;
			buildSettings = {
				ASSETCATALOG_COMPILER_APPICON_NAME = AppIcon;
				DEVELOPMENT_TEAM = 3WYE463P9W;
				GCC_PRECOMPILE_PREFIX_HEADER = YES;
				GCC_PREFIX_HEADER = "$(SRCROOT)/AnimationTest/Base/PrefixHeader.pch";
				INFOPLIST_FILE = AnimationTest/Info.plist;
				IPHONEOS_DEPLOYMENT_TARGET = 9.0;
				LD_RUNPATH_SEARCH_PATHS = "$(inherited) @executable_path/Frameworks";
				PRODUCT_BUNDLE_IDENTIFIER = yeqiang.AnimationTest;
				PRODUCT_NAME = "$(TARGET_NAME)";
			};
			name = Release;
		};
		47F737A31EB1A2A9006FFAC6 /* Debug */ = {
			isa = XCBuildConfiguration;
			buildSettings = {
				BUNDLE_LOADER = "$(TEST_HOST)";
				DEVELOPMENT_TEAM = 3WYE463P9W;
				INFOPLIST_FILE = AnimationTestTests/Info.plist;
				LD_RUNPATH_SEARCH_PATHS = "$(inherited) @executable_path/Frameworks @loader_path/Frameworks";
				PRODUCT_BUNDLE_IDENTIFIER = yeqiang.AnimationTestTests;
				PRODUCT_NAME = "$(TARGET_NAME)";
				TEST_HOST = "$(BUILT_PRODUCTS_DIR)/AnimationTest.app/AnimationTest";
			};
			name = Debug;
		};
		47F737A41EB1A2A9006FFAC6 /* Release */ = {
			isa = XCBuildConfiguration;
			buildSettings = {
				BUNDLE_LOADER = "$(TEST_HOST)";
				DEVELOPMENT_TEAM = 3WYE463P9W;
				INFOPLIST_FILE = AnimationTestTests/Info.plist;
				LD_RUNPATH_SEARCH_PATHS = "$(inherited) @executable_path/Frameworks @loader_path/Frameworks";
				PRODUCT_BUNDLE_IDENTIFIER = yeqiang.AnimationTestTests;
				PRODUCT_NAME = "$(TARGET_NAME)";
				TEST_HOST = "$(BUILT_PRODUCTS_DIR)/AnimationTest.app/AnimationTest";
			};
			name = Release;
		};
		47F737A61EB1A2A9006FFAC6 /* Debug */ = {
			isa = XCBuildConfiguration;
			buildSettings = {
				DEVELOPMENT_TEAM = 3WYE463P9W;
				INFOPLIST_FILE = AnimationTestUITests/Info.plist;
				LD_RUNPATH_SEARCH_PATHS = "$(inherited) @executable_path/Frameworks @loader_path/Frameworks";
				PRODUCT_BUNDLE_IDENTIFIER = yeqiang.AnimationTestUITests;
				PRODUCT_NAME = "$(TARGET_NAME)";
				TEST_TARGET_NAME = AnimationTest;
			};
			name = Debug;
		};
		47F737A71EB1A2A9006FFAC6 /* Release */ = {
			isa = XCBuildConfiguration;
			buildSettings = {
				DEVELOPMENT_TEAM = 3WYE463P9W;
				INFOPLIST_FILE = AnimationTestUITests/Info.plist;
				LD_RUNPATH_SEARCH_PATHS = "$(inherited) @executable_path/Frameworks @loader_path/Frameworks";
				PRODUCT_BUNDLE_IDENTIFIER = yeqiang.AnimationTestUITests;
				PRODUCT_NAME = "$(TARGET_NAME)";
				TEST_TARGET_NAME = AnimationTest;
			};
			name = Release;
		};
/* End XCBuildConfiguration section */

/* Begin XCConfigurationList section */
		47F7376D1EB1A2A9006FFAC6 /* Build configuration list for PBXProject "AnimationTest" */ = {
			isa = XCConfigurationList;
			buildConfigurations = (
				47F7379D1EB1A2A9006FFAC6 /* Debug */,
				47F7379E1EB1A2A9006FFAC6 /* Release */,
			);
			defaultConfigurationIsVisible = 0;
			defaultConfigurationName = Release;
		};
		47F7379F1EB1A2A9006FFAC6 /* Build configuration list for PBXNativeTarget "AnimationTest" */ = {
			isa = XCConfigurationList;
			buildConfigurations = (
				47F737A01EB1A2A9006FFAC6 /* Debug */,
				47F737A11EB1A2A9006FFAC6 /* Release */,
			);
			defaultConfigurationIsVisible = 0;
			defaultConfigurationName = Release;
		};
		47F737A21EB1A2A9006FFAC6 /* Build configuration list for PBXNativeTarget "AnimationTestTests" */ = {
			isa = XCConfigurationList;
			buildConfigurations = (
				47F737A31EB1A2A9006FFAC6 /* Debug */,
				47F737A41EB1A2A9006FFAC6 /* Release */,
			);
			defaultConfigurationIsVisible = 0;
			defaultConfigurationName = Release;
		};
		47F737A51EB1A2A9006FFAC6 /* Build configuration list for PBXNativeTarget "AnimationTestUITests" */ = {
			isa = XCConfigurationList;
			buildConfigurations = (
				47F737A61EB1A2A9006FFAC6 /* Debug */,
				47F737A71EB1A2A9006FFAC6 /* Release */,
			);
			defaultConfigurationIsVisible = 0;
			defaultConfigurationName = Release;
		};
/* End XCConfigurationList section */
	};
	rootObject = 47F7376A1EB1A2A9006FFAC6 /* Project object */;
}
